
Microsoft Visual Studio Solution File, Format Version 12.00
# Visual Studio 15
VisualStudioVersion = 15.0.28010.0
MinimumVisualStudioVersion = 10.0.40219.1
Project("{FAE04EC0-301F-11D3-BF4B-00C04F79EFBC}") = "GorselProgramlamaProje.UI.Web", "GorselProgramlamaProje\GorselProgramlamaProje.UI.Web.csproj", "{EFB2C139-104C-4B53-B6FF-6A866BD69EC0}"
EndProject
Project("{FAE04EC0-301F-11D3-BF4B-00C04F79EFBC}") = "GorselProgramlamaProjeModel", "GorselProgramlamaProjeModel\GorselProgramlamaProjeModel.csproj", "{2F9411FF-FE5F-49A8-9893-DB129A50A2B5}"
EndProject
Global
	GlobalSection(SolutionConfigurationPlatforms) = preSolution
		Debug|Any CPU = Debug|Any CPU
		Release|Any CPU = Release|Any CPU
	EndGlobalSection
	GlobalSection(ProjectConfigurationPlatforms) = postSolution
		{EFB2C139-104C-4B53-B6FF-6A866BD69EC0}.Debug|Any CPU.ActiveCfg = Debug|Any CPU
		{EFB2C139-104C-4B53-B6FF-6A866BD69EC0}.Debug|Any CPU.Build.0 = Debug|Any CPU
		{EFB2C139-104C-4B53-B6FF-6A866BD69EC0}.Release|Any CPU.ActiveCfg = Release|Any CPU
		{EFB2C139-104C-4B53-B6FF-6A866BD69EC0}.Release|Any CPU.Build.0 = Release|Any CPU
		{2F9411FF-FE5F-49A8-9893-DB129A50A2B5}.Debug|Any CPU.ActiveCfg = Debug|Any CPU
		{2F9411FF-FE5F-49A8-9893-DB129A50A2B5}.Debug|Any CPU.Build.0 = Debug|Any CPU
		{2F9411FF-FE5F-49A8-9893-DB129A50A2B5}.Release|Any CPU.ActiveCfg = Release|Any CPU
		{2F9411FF-FE5F-49A8-9893-DB129A50A2B5}.Release|Any CPU.Build.0 = Release|Any CPU
	EndGlobalSection
	GlobalSection(SolutionProperties) = preSolution
		HideSolutionNode = FALSE
	EndGlobalSection
	GlobalSection(ExtensibilityGlobals) = postSolution
		SolutionGuid = {B2826499-5831-476A-ABDE-22AAC25EACE1}
	EndGlobalSection
EndGlobal
